
Microsoft Visual Studio Solution File, Format Version 12.00
# Visual Studio 14
VisualStudioVersion = 14.0.25123.0
MinimumVisualStudioVersion = 10.0.40219.1
Project("{FAE04EC0-301F-11D3-BF4B-00C04F79EFBC}") = "CodePlusXML_SSF.Droid", "CodePlusXML_SSF\CodePlusXML_SSF.Droid\CodePlusXML_SSF.Droid.csproj", "{25DE632F-F4C5-41D5-B0CC-61CA62538D59}"
EndProject
Project("{FAE04EC0-301F-11D3-BF4B-00C04F79EFBC}") = "CodePlusXML_SSF.iOS", "CodePlusXML_SSF\CodePlusXML_SSF.iOS\CodePlusXML_SSF.iOS.csproj", "{09DA859B-8D81-4C97-AE6E-F6D6005EB6B0}"
EndProject
Project("{FAE04EC0-301F-11D3-BF4B-00C04F79EFBC}") = "CodePlusXML_SSF.WinPhone", "CodePlusXML_SSF\CodePlusXML_SSF.WinPhone\CodePlusXML_SSF.WinPhone.csproj", "{31E229FA-39F2-47FA-806A-B5FFE90DE142}"
EndProject
Project("{FAE04EC0-301F-11D3-BF4B-00C04F79EFBC}") = "CodePlusXML_SSF.UWP", "CodePlusXML_SSF\CodePlusXML_SSF.UWP\CodePlusXML_SSF.UWP.csproj", "{064B6F11-F3D1-467A-A5E5-436622E46EEA}"
EndProject
Project("{FAE04EC0-301F-11D3-BF4B-00C04F79EFBC}") = "CodePlusXML_SSF.Windows", "CodePlusXML_SSF\CodePlusXML_SSF.Windows\CodePlusXML_SSF.Windows.csproj", "{46E346A4-588D-42AA-8134-006F8E6B6D86}"
EndProject
Project("{FAE04EC0-301F-11D3-BF4B-00C04F79EFBC}") = "CodePlusXML_SSF", "CodePlusXML_SSF\CodePlusXML_SSF\CodePlusXML_SSF.csproj", "{B2367D71-58F1-4AFB-8062-98CE5418603B}"
EndProject
Global
	GlobalSection(SolutionConfigurationPlatforms) = preSolution
		Ad-Hoc|Any CPU = Ad-Hoc|Any CPU
		Ad-Hoc|ARM = Ad-Hoc|ARM
		Ad-Hoc|iPhone = Ad-Hoc|iPhone
		Ad-Hoc|iPhoneSimulator = Ad-Hoc|iPhoneSimulator
		Ad-Hoc|x64 = Ad-Hoc|x64
		Ad-Hoc|x86 = Ad-Hoc|x86
		AppStore|Any CPU = AppStore|Any CPU
		AppStore|ARM = AppStore|ARM
		AppStore|iPhone = AppStore|iPhone
		AppStore|iPhoneSimulator = AppStore|iPhoneSimulator
		AppStore|x64 = AppStore|x64
		AppStore|x86 = AppStore|x86
		Debug|Any CPU = Debug|Any CPU
		Debug|ARM = Debug|ARM
		Debug|iPhone = Debug|iPhone
		Debug|iPhoneSimulator = Debug|iPhoneSimulator
		Debug|x64 = Debug|x64
		Debug|x86 = Debug|x86
		Release|Any CPU = Release|Any CPU
		Release|ARM = Release|ARM
		Release|iPhone = Release|iPhone
		Release|iPhoneSimulator = Release|iPhoneSimulator
		Release|x64 = Release|x64
		Release|x86 = Release|x86
	EndGlobalSection
	GlobalSection(ProjectConfigurationPlatforms) = postSolution
		{25DE632F-F4C5-41D5-B0CC-61CA62538D59}.Ad-Hoc|Any CPU.ActiveCfg = Release|Any CPU
		{25DE632F-F4C5-41D5-B0CC-61CA62538D59}.Ad-Hoc|Any CPU.Build.0 = Release|Any CPU
		{25DE632F-F4C5-41D5-B0CC-61CA62538D59}.Ad-Hoc|Any CPU.Deploy.0 = Release|Any CPU
		{25DE632F-F4C5-41D5-B0CC-61CA62538D59}.Ad-Hoc|ARM.ActiveCfg = Release|Any CPU
		{25DE632F-F4C5-41D5-B0CC-61CA62538D59}.Ad-Hoc|ARM.Build.0 = Release|Any CPU
		{25DE632F-F4C5-41D5-B0CC-61CA62538D59}.Ad-Hoc|ARM.Deploy.0 = Release|Any CPU
		{25DE632F-F4C5-41D5-B0CC-61CA62538D59}.Ad-Hoc|iPhone.ActiveCfg = Release|Any CPU
		{25DE632F-F4C5-41D5-B0CC-61CA62538D59}.Ad-Hoc|iPhone.Build.0 = Release|Any CPU
		{25DE632F-F4C5-41D5-B0CC-61CA62538D59}.Ad-Hoc|iPhone.Deploy.0 = Release|Any CPU
		{25DE632F-F4C5-41D5-B0CC-61CA62538D59}.Ad-Hoc|iPhoneSimulator.ActiveCfg = Release|Any CPU
		{25DE632F-F4C5-41D5-B0CC-61CA62538D59}.Ad-Hoc|iPhoneSimulator.Build.0 = Release|Any CPU
		{25DE632F-F4C5-41D5-B0CC-61CA62538D59}.Ad-Hoc|iPhoneSimulator.Deploy.0 = Release|Any CPU
		{25DE632F-F4C5-41D5-B0CC-61CA62538D59}.Ad-Hoc|x64.ActiveCfg = Release|Any CPU
		{25DE632F-F4C5-41D5-B0CC-61CA62538D59}.Ad-Hoc|x64.Build.0 = Release|Any CPU
		{25DE632F-F4C5-41D5-B0CC-61CA62538D59}.Ad-Hoc|x64.Deploy.0 = Release|Any CPU
		{25DE632F-F4C5-41D5-B0CC-61CA62538D59}.Ad-Hoc|x86.ActiveCfg = Release|Any CPU
		{25DE632F-F4C5-41D5-B0CC-61CA62538D59}.Ad-Hoc|x86.Build.0 = Release|Any CPU
		{25DE632F-F4C5-41D5-B0CC-61CA62538D59}.Ad-Hoc|x86.Deploy.0 = Release|Any CPU
		{25DE632F-F4C5-41D5-B0CC-61CA62538D59}.AppStore|Any CPU.ActiveCfg = Release|Any CPU
		{25DE632F-F4C5-41D5-B0CC-61CA62538D59}.AppStore|Any CPU.Build.0 = Release|Any CPU
		{25DE632F-F4C5-41D5-B0CC-61CA62538D59}.AppStore|Any CPU.Deploy.0 = Release|Any CPU
		{25DE632F-F4C5-41D5-B0CC-61CA62538D59}.AppStore|ARM.ActiveCfg = Release|Any CPU
		{25DE632F-F4C5-41D5-B0CC-61CA62538D59}.AppStore|ARM.Build.0 = Release|Any CPU
		{25DE632F-F4C5-41D5-B0CC-61CA62538D59}.AppStore|ARM.Deploy.0 = Release|Any CPU
		{25DE632F-F4C5-41D5-B0CC-61CA62538D59}.AppStore|iPhone.ActiveCfg = Release|Any CPU
		{25DE632F-F4C5-41D5-B0CC-61CA62538D59}.AppStore|iPhone.Build.0 = Release|Any CPU
		{25DE632F-F4C5-41D5-B0CC-61CA62538D59}.AppStore|iPhone.Deploy.0 = Release|Any CPU
		{25DE632F-F4C5-41D5-B0CC-61CA62538D59}.AppStore|iPhoneSimulator.ActiveCfg = Release|Any CPU
		{25DE632F-F4C5-41D5-B0CC-61CA62538D59}.AppStore|iPhoneSimulator.Build.0 = Release|Any CPU
		{25DE632F-F4C5-41D5-B0CC-61CA62538D59}.AppStore|iPhoneSimulator.Deploy.0 = Release|Any CPU
		{25DE632F-F4C5-41D5-B0CC-61CA62538D59}.AppStore|x64.ActiveCfg = Release|Any CPU
		{25DE632F-F4C5-41D5-B0CC-61CA62538D59}.AppStore|x64.Build.0 = Release|Any CPU
		{25DE632F-F4C5-41D5-B0CC-61CA62538D59}.AppStore|x64.Deploy.0 = Release|Any CPU
		{25DE632F-F4C5-41D5-B0CC-61CA62538D59}.AppStore|x86.ActiveCfg = Release|Any CPU
		{25DE632F-F4C5-41D5-B0CC-61CA62538D59}.AppStore|x86.Build.0 = Release|Any CPU
		{25DE632F-F4C5-41D5-B0CC-61CA62538D59}.AppStore|x86.Deploy.0 = Release|Any CPU
		{25DE632F-F4C5-41D5-B0CC-61CA62538D59}.Debug|Any CPU.ActiveCfg = Debug|Any CPU
		{25DE632F-F4C5-41D5-B0CC-61CA62538D59}.Debug|Any CPU.Build.0 = Debug|Any CPU
		{25DE632F-F4C5-41D5-B0CC-61CA62538D59}.Debug|Any CPU.Deploy.0 = Debug|Any CPU
		{25DE632F-F4C5-41D5-B0CC-61CA62538D59}.Debug|ARM.ActiveCfg = Debug|Any CPU
		{25DE632F-F4C5-41D5-B0CC-61CA62538D59}.Debug|ARM.Build.0 = Debug|Any CPU
		{25DE632F-F4C5-41D5-B0CC-61CA62538D59}.Debug|ARM.Deploy.0 = Debug|Any CPU
		{25DE632F-F4C5-41D5-B0CC-61CA62538D59}.Debug|iPhone.ActiveCfg = Debug|Any CPU
		{25DE632F-F4C5-41D5-B0CC-61CA62538D59}.Debug|iPhone.Build.0 = Debug|Any CPU
		{25DE632F-F4C5-41D5-B0CC-61CA62538D59}.Debug|iPhone.Deploy.0 = Debug|Any CPU
		{25DE632F-F4C5-41D5-B0CC-61CA62538D59}.Debug|iPhoneSimulator.ActiveCfg = Debug|Any CPU
		{25DE632F-F4C5-41D5-B0CC-61CA62538D59}.Debug|iPhoneSimulator.Build.0 = Debug|Any CPU
		{25DE632F-F4C5-41D5-B0CC-61CA62538D59}.Debug|iPhoneSimulator.Deploy.0 = Debug|Any CPU
		{25DE632F-F4C5-41D5-B0CC-61CA62538D59}.Debug|x64.ActiveCfg = Debug|Any CPU
		{25DE632F-F4C5-41D5-B0CC-61CA62538D59}.Debug|x64.Build.0 = Debug|Any CPU
		{25DE632F-F4C5-41D5-B0CC-61CA62538D59}.Debug|x64.Deploy.0 = Debug|Any CPU
		{25DE632F-F4C5-41D5-B0CC-61CA62538D59}.Debug|x86.ActiveCfg = Debug|Any CPU
		{25DE632F-F4C5-41D5-B0CC-61CA62538D59}.Debug|x86.Build.0 = Debug|Any CPU
		{25DE632F-F4C5-41D5-B0CC-61CA62538D59}.Debug|x86.Deploy.0 = Debug|Any CPU
		{25DE632F-F4C5-41D5-B0CC-61CA62538D59}.Release|Any CPU.ActiveCfg = Release|Any CPU
		{25DE632F-F4C5-41D5-B0CC-61CA62538D59}.Release|Any CPU.Build.0 = Release|Any CPU
		{25DE632F-F4C5-41D5-B0CC-61CA62538D59}.Release|Any CPU.Deploy.0 = Release|Any CPU
		{25DE632F-F4C5-41D5-B0CC-61CA62538D59}.Release|ARM.ActiveCfg = Release|Any CPU
		{25DE632F-F4C5-41D5-B0CC-61CA62538D59}.Release|ARM.Build.0 = Release|Any CPU
		{25DE632F-F4C5-41D5-B0CC-61CA62538D59}.Release|ARM.Deploy.0 = Release|Any CPU
		{25DE632F-F4C5-41D5-B0CC-61CA62538D59}.Release|iPhone.ActiveCfg = Release|Any CPU
		{25DE632F-F4C5-41D5-B0CC-61CA62538D59}.Release|iPhone.Build.0 = Release|Any CPU
		{25DE632F-F4C5-41D5-B0CC-61CA62538D59}.Release|iPhone.Deploy.0 = Release|Any CPU
		{25DE632F-F4C5-41D5-B0CC-61CA62538D59}.Release|iPhoneSimulator.ActiveCfg = Release|Any CPU
		{25DE632F-F4C5-41D5-B0CC-61CA62538D59}.Release|iPhoneSimulator.Build.0 = Release|Any CPU
		{25DE632F-F4C5-41D5-B0CC-61CA62538D59}.Release|iPhoneSimulator.Deploy.0 = Release|Any CPU
		{25DE632F-F4C5-41D5-B0CC-61CA62538D59}.Release|x64.ActiveCfg = Release|Any CPU
		{25DE632F-F4C5-41D5-B0CC-61CA62538D59}.Release|x64.Build.0 = Release|Any CPU
		{25DE632F-F4C5-41D5-B0CC-61CA62538D59}.Release|x64.Deploy.0 = Release|Any CPU
		{25DE632F-F4C5-41D5-B0CC-61CA62538D59}.Release|x86.ActiveCfg = Release|Any CPU
		{25DE632F-F4C5-41D5-B0CC-61CA62538D59}.Release|x86.Build.0 = Release|Any CPU
		{25DE632F-F4C5-41D5-B0CC-61CA62538D59}.Release|x86.Deploy.0 = Release|Any CPU
		{09DA859B-8D81-4C97-AE6E-F6D6005EB6B0}.Ad-Hoc|Any CPU.ActiveCfg = Ad-Hoc|iPhone
		{09DA859B-8D81-4C97-AE6E-F6D6005EB6B0}.Ad-Hoc|ARM.ActiveCfg = Ad-Hoc|iPhone
		{09DA859B-8D81-4C97-AE6E-F6D6005EB6B0}.Ad-Hoc|iPhone.ActiveCfg = Ad-Hoc|iPhone
		{09DA859B-8D81-4C97-AE6E-F6D6005EB6B0}.Ad-Hoc|iPhone.Build.0 = Ad-Hoc|iPhone
		{09DA859B-8D81-4C97-AE6E-F6D6005EB6B0}.Ad-Hoc|iPhoneSimulator.ActiveCfg = Ad-Hoc|iPhoneSimulator
		{09DA859B-8D81-4C97-AE6E-F6D6005EB6B0}.Ad-Hoc|iPhoneSimulator.Build.0 = Ad-Hoc|iPhoneSimulator
		{09DA859B-8D81-4C97-AE6E-F6D6005EB6B0}.Ad-Hoc|x64.ActiveCfg = Ad-Hoc|iPhone
		{09DA859B-8D81-4C97-AE6E-F6D6005EB6B0}.Ad-Hoc|x86.ActiveCfg = Ad-Hoc|iPhone
		{09DA859B-8D81-4C97-AE6E-F6D6005EB6B0}.AppStore|Any CPU.ActiveCfg = AppStore|iPhone
		{09DA859B-8D81-4C97-AE6E-F6D6005EB6B0}.AppStore|ARM.ActiveCfg = AppStore|iPhone
		{09DA859B-8D81-4C97-AE6E-F6D6005EB6B0}.AppStore|iPhone.ActiveCfg = AppStore|iPhone
		{09DA859B-8D81-4C97-AE6E-F6D6005EB6B0}.AppStore|iPhone.Build.0 = AppStore|iPhone
		{09DA859B-8D81-4C97-AE6E-F6D6005EB6B0}.AppStore|iPhoneSimulator.ActiveCfg = AppStore|iPhoneSimulator
		{09DA859B-8D81-4C97-AE6E-F6D6005EB6B0}.AppStore|iPhoneSimulator.Build.0 = AppStore|iPhoneSimulator
		{09DA859B-8D81-4C97-AE6E-F6D6005EB6B0}.AppStore|x64.ActiveCfg = AppStore|iPhone
		{09DA859B-8D81-4C97-AE6E-F6D6005EB6B0}.AppStore|x86.ActiveCfg = AppStore|iPhone
		{09DA859B-8D81-4C97-AE6E-F6D6005EB6B0}.Debug|Any CPU.ActiveCfg = Debug|iPhone
		{09DA859B-8D81-4C97-AE6E-F6D6005EB6B0}.Debug|ARM.ActiveCfg = Debug|iPhone
		{09DA859B-8D81-4C97-AE6E-F6D6005EB6B0}.Debug|iPhone.ActiveCfg = Debug|iPhone
		{09DA859B-8D81-4C97-AE6E-F6D6005EB6B0}.Debug|iPhone.Build.0 = Debug|iPhone
		{09DA859B-8D81-4C97-AE6E-F6D6005EB6B0}.Debug|iPhoneSimulator.ActiveCfg = Debug|iPhoneSimulator
		{09DA859B-8D81-4C97-AE6E-F6D6005EB6B0}.Debug|iPhoneSimulator.Build.0 = Debug|iPhoneSimulator
		{09DA859B-8D81-4C97-AE6E-F6D6005EB6B0}.Debug|x64.ActiveCfg = Debug|iPhone
		{09DA859B-8D81-4C97-AE6E-F6D6005EB6B0}.Debug|x86.ActiveCfg = Debug|iPhone
		{09DA859B-8D81-4C97-AE6E-F6D6005EB6B0}.Release|Any CPU.ActiveCfg = Release|iPhone
		{09DA859B-8D81-4C97-AE6E-F6D6005EB6B0}.Release|ARM.ActiveCfg = Release|iPhone
		{09DA859B-8D81-4C97-AE6E-F6D6005EB6B0}.Release|iPhone.ActiveCfg = Release|iPhone
		{09DA859B-8D81-4C97-AE6E-F6D6005EB6B0}.Release|iPhone.Build.0 = Release|iPhone
		{09DA859B-8D81-4C97-AE6E-F6D6005EB6B0}.Release|iPhoneSimulator.ActiveCfg = Release|iPhoneSimulator
		{09DA859B-8D81-4C97-AE6E-F6D6005EB6B0}.Release|iPhoneSimulator.Build.0 = Release|iPhoneSimulator
		{09DA859B-8D81-4C97-AE6E-F6D6005EB6B0}.Release|x64.ActiveCfg = Release|iPhone
		{09DA859B-8D81-4C97-AE6E-F6D6005EB6B0}.Release|x86.ActiveCfg = Release|iPhone
		{31E229FA-39F2-47FA-806A-B5FFE90DE142}.Ad-Hoc|Any CPU.ActiveCfg = Release|Any CPU
		{31E229FA-39F2-47FA-806A-B5FFE90DE142}.Ad-Hoc|Any CPU.Build.0 = Release|Any CPU
		{31E229FA-39F2-47FA-806A-B5FFE90DE142}.Ad-Hoc|Any CPU.Deploy.0 = Release|Any CPU
		{31E229FA-39F2-47FA-806A-B5FFE90DE142}.Ad-Hoc|ARM.ActiveCfg = Release|ARM
		{31E229FA-39F2-47FA-806A-B5FFE90DE142}.Ad-Hoc|ARM.Build.0 = Release|ARM
		{31E229FA-39F2-47FA-806A-B5FFE90DE142}.Ad-Hoc|ARM.Deploy.0 = Release|ARM
		{31E229FA-39F2-47FA-806A-B5FFE90DE142}.Ad-Hoc|iPhone.ActiveCfg = Release|Any CPU
		{31E229FA-39F2-47FA-806A-B5FFE90DE142}.Ad-Hoc|iPhone.Build.0 = Release|Any CPU
		{31E229FA-39F2-47FA-806A-B5FFE90DE142}.Ad-Hoc|iPhone.Deploy.0 = Release|Any CPU
		{31E229FA-39F2-47FA-806A-B5FFE90DE142}.Ad-Hoc|iPhoneSimulator.ActiveCfg = Release|Any CPU
		{31E229FA-39F2-47FA-806A-B5FFE90DE142}.Ad-Hoc|iPhoneSimulator.Build.0 = Release|Any CPU
		{31E229FA-39F2-47FA-806A-B5FFE90DE142}.Ad-Hoc|iPhoneSimulator.Deploy.0 = Release|Any CPU
		{31E229FA-39F2-47FA-806A-B5FFE90DE142}.Ad-Hoc|x64.ActiveCfg = Release|Any CPU
		{31E229FA-39F2-47FA-806A-B5FFE90DE142}.Ad-Hoc|x64.Build.0 = Release|Any CPU
		{31E229FA-39F2-47FA-806A-B5FFE90DE142}.Ad-Hoc|x64.Deploy.0 = Release|Any CPU
		{31E229FA-39F2-47FA-806A-B5FFE90DE142}.Ad-Hoc|x86.ActiveCfg = Release|x86
		{31E229FA-39F2-47FA-806A-B5FFE90DE142}.Ad-Hoc|x86.Build.0 = Release|x86
		{31E229FA-39F2-47FA-806A-B5FFE90DE142}.Ad-Hoc|x86.Deploy.0 = Release|x86
		{31E229FA-39F2-47FA-806A-B5FFE90DE142}.AppStore|Any CPU.ActiveCfg = Release|Any CPU
		{31E229FA-39F2-47FA-806A-B5FFE90DE142}.AppStore|Any CPU.Build.0 = Release|Any CPU
		{31E229FA-39F2-47FA-806A-B5FFE90DE142}.AppStore|Any CPU.Deploy.0 = Release|Any CPU
		{31E229FA-39F2-47FA-806A-B5FFE90DE142}.AppStore|ARM.ActiveCfg = Release|ARM
		{31E229FA-39F2-47FA-806A-B5FFE90DE142}.AppStore|ARM.Build.0 = Release|ARM
		{31E229FA-39F2-47FA-806A-B5FFE90DE142}.AppStore|ARM.Deploy.0 = Release|ARM
		{31E229FA-39F2-47FA-806A-B5FFE90DE142}.AppStore|iPhone.ActiveCfg = Release|Any CPU
		{31E229FA-39F2-47FA-806A-B5FFE90DE142}.AppStore|iPhone.Build.0 = Release|Any CPU
		{31E229FA-39F2-47FA-806A-B5FFE90DE142}.AppStore|iPhone.Deploy.0 = Release|Any CPU
		{31E229FA-39F2-47FA-806A-B5FFE90DE142}.AppStore|iPhoneSimulator.ActiveCfg = Release|Any CPU
		{31E229FA-39F2-47FA-806A-B5FFE90DE142}.AppStore|iPhoneSimulator.Build.0 = Release|Any CPU
		{31E229FA-39F2-47FA-806A-B5FFE90DE142}.AppStore|iPhoneSimulator.Deploy.0 = Release|Any CPU
		{31E229FA-39F2-47FA-806A-B5FFE90DE142}.AppStore|x64.ActiveCfg = Release|Any CPU
		{31E229FA-39F2-47FA-806A-B5FFE90DE142}.AppStore|x64.Build.0 = Release|Any CPU
		{31E229FA-39F2-47FA-806A-B5FFE90DE142}.AppStore|x64.Deploy.0 = Release|Any CPU
		{31E229FA-39F2-47FA-806A-B5FFE90DE142}.AppStore|x86.ActiveCfg = Release|x86
		{31E229FA-39F2-47FA-806A-B5FFE90DE142}.AppStore|x86.Build.0 = Release|x86
		{31E229FA-39F2-47FA-806A-B5FFE90DE142}.AppStore|x86.Deploy.0 = Release|x86
		{31E229FA-39F2-47FA-806A-B5FFE90DE142}.Debug|Any CPU.ActiveCfg = Debug|Any CPU
		{31E229FA-39F2-47FA-806A-B5FFE90DE142}.Debug|Any CPU.Build.0 = Debug|Any CPU
		{31E229FA-39F2-47FA-806A-B5FFE90DE142}.Debug|Any CPU.Deploy.0 = Debug|Any CPU
		{31E229FA-39F2-47FA-806A-B5FFE90DE142}.Debug|ARM.ActiveCfg = Debug|ARM
		{31E229FA-39F2-47FA-806A-B5FFE90DE142}.Debug|ARM.Build.0 = Debug|ARM
		{31E229FA-39F2-47FA-806A-B5FFE90DE142}.Debug|ARM.Deploy.0 = Debug|ARM
		{31E229FA-39F2-47FA-806A-B5FFE90DE142}.Debug|iPhone.ActiveCfg = Debug|Any CPU
		{31E229FA-39F2-47FA-806A-B5FFE90DE142}.Debug|iPhone.Build.0 = Debug|Any CPU
		{31E229FA-39F2-47FA-806A-B5FFE90DE142}.Debug|iPhone.Deploy.0 = Debug|Any CPU
		{31E229FA-39F2-47FA-806A-B5FFE90DE142}.Debug|iPhoneSimulator.ActiveCfg = Debug|Any CPU
		{31E229FA-39F2-47FA-806A-B5FFE90DE142}.Debug|iPhoneSimulator.Build.0 = Debug|Any CPU
		{31E229FA-39F2-47FA-806A-B5FFE90DE142}.Debug|iPhoneSimulator.Deploy.0 = Debug|Any CPU
		{31E229FA-39F2-47FA-806A-B5FFE90DE142}.Debug|x64.ActiveCfg = Debug|Any CPU
		{31E229FA-39F2-47FA-806A-B5FFE90DE142}.Debug|x64.Build.0 = Debug|Any CPU
		{31E229FA-39F2-47FA-806A-B5FFE90DE142}.Debug|x64.Deploy.0 = Debug|Any CPU
		{31E229FA-39F2-47FA-806A-B5FFE90DE142}.Debug|x86.ActiveCfg = Debug|x86
		{31E229FA-39F2-47FA-806A-B5FFE90DE142}.Debug|x86.Build.0 = Debug|x86
		{31E229FA-39F2-47FA-806A-B5FFE90DE142}.Debug|x86.Deploy.0 = Debug|x86
		{31E229FA-39F2-47FA-806A-B5FFE90DE142}.Release|Any CPU.ActiveCfg = Release|Any CPU
		{31E229FA-39F2-47FA-806A-B5FFE90DE142}.Release|Any CPU.Build.0 = Release|Any CPU
		{31E229FA-39F2-47FA-806A-B5FFE90DE142}.Release|Any CPU.Deploy.0 = Release|Any CPU
		{31E229FA-39F2-47FA-806A-B5FFE90DE142}.Release|ARM.ActiveCfg = Release|ARM
		{31E229FA-39F2-47FA-806A-B5FFE90DE142}.Release|ARM.Build.0 = Release|ARM
		{31E229FA-39F2-47FA-806A-B5FFE90DE142}.Release|ARM.Deploy.0 = Release|ARM
		{31E229FA-39F2-47FA-806A-B5FFE90DE142}.Release|iPhone.ActiveCfg = Release|Any CPU
		{31E229FA-39F2-47FA-806A-B5FFE90DE142}.Release|iPhone.Build.0 = Release|Any CPU
		{31E229FA-39F2-47FA-806A-B5FFE90DE142}.Release|iPhone.Deploy.0 = Release|Any CPU
		{31E229FA-39F2-47FA-806A-B5FFE90DE142}.Release|iPhoneSimulator.ActiveCfg = Release|Any CPU
		{31E229FA-39F2-47FA-806A-B5FFE90DE142}.Release|iPhoneSimulator.Build.0 = Release|Any CPU
		{31E229FA-39F2-47FA-806A-B5FFE90DE142}.Release|iPhoneSimulator.Deploy.0 = Release|Any CPU
		{31E229FA-39F2-47FA-806A-B5FFE90DE142}.Release|x64.ActiveCfg = Release|Any CPU
		{31E229FA-39F2-47FA-806A-B5FFE90DE142}.Release|x64.Build.0 = Release|Any CPU
		{31E229FA-39F2-47FA-806A-B5FFE90DE142}.Release|x64.Deploy.0 = Release|Any CPU
		{31E229FA-39F2-47FA-806A-B5FFE90DE142}.Release|x86.ActiveCfg = Release|x86
		{31E229FA-39F2-47FA-806A-B5FFE90DE142}.Release|x86.Build.0 = Release|x86
		{31E229FA-39F2-47FA-806A-B5FFE90DE142}.Release|x86.Deploy.0 = Release|x86
		{064B6F11-F3D1-467A-A5E5-436622E46EEA}.Ad-Hoc|Any CPU.ActiveCfg = Release|x86
		{064B6F11-F3D1-467A-A5E5-436622E46EEA}.Ad-Hoc|Any CPU.Build.0 = Release|x86
		{064B6F11-F3D1-467A-A5E5-436622E46EEA}.Ad-Hoc|Any CPU.Deploy.0 = Release|x86
		{064B6F11-F3D1-467A-A5E5-436622E46EEA}.Ad-Hoc|ARM.ActiveCfg = Release|ARM
		{064B6F11-F3D1-467A-A5E5-436622E46EEA}.Ad-Hoc|ARM.Build.0 = Release|ARM
		{064B6F11-F3D1-467A-A5E5-436622E46EEA}.Ad-Hoc|ARM.Deploy.0 = Release|ARM
		{064B6F11-F3D1-467A-A5E5-436622E46EEA}.Ad-Hoc|iPhone.ActiveCfg = Release|x86
		{064B6F11-F3D1-467A-A5E5-436622E46EEA}.Ad-Hoc|iPhone.Build.0 = Release|x86
		{064B6F11-F3D1-467A-A5E5-436622E46EEA}.Ad-Hoc|iPhone.Deploy.0 = Release|x86
		{064B6F11-F3D1-467A-A5E5-436622E46EEA}.Ad-Hoc|iPhoneSimulator.ActiveCfg = Release|x86
		{064B6F11-F3D1-467A-A5E5-436622E46EEA}.Ad-Hoc|iPhoneSimulator.Build.0 = Release|x86
		{064B6F11-F3D1-467A-A5E5-436622E46EEA}.Ad-Hoc|iPhoneSimulator.Deploy.0 = Release|x86
		{064B6F11-F3D1-467A-A5E5-436622E46EEA}.Ad-Hoc|x64.ActiveCfg = Release|x64
		{064B6F11-F3D1-467A-A5E5-436622E46EEA}.Ad-Hoc|x64.Build.0 = Release|x64
		{064B6F11-F3D1-467A-A5E5-436622E46EEA}.Ad-Hoc|x64.Deploy.0 = Release|x64
		{064B6F11-F3D1-467A-A5E5-436622E46EEA}.Ad-Hoc|x86.ActiveCfg = Release|x86
		{064B6F11-F3D1-467A-A5E5-436622E46EEA}.Ad-Hoc|x86.Build.0 = Release|x86
		{064B6F11-F3D1-467A-A5E5-436622E46EEA}.Ad-Hoc|x86.Deploy.0 = Release|x86
		{064B6F11-F3D1-467A-A5E5-436622E46EEA}.AppStore|Any CPU.ActiveCfg = Release|x86
		{064B6F11-F3D1-467A-A5E5-436622E46EEA}.AppStore|Any CPU.Build.0 = Release|x86
		{064B6F11-F3D1-467A-A5E5-436622E46EEA}.AppStore|Any CPU.Deploy.0 = Release|x86
		{064B6F11-F3D1-467A-A5E5-436622E46EEA}.AppStore|ARM.ActiveCfg = Release|ARM
		{064B6F11-F3D1-467A-A5E5-436622E46EEA}.AppStore|ARM.Build.0 = Release|ARM
		{064B6F11-F3D1-467A-A5E5-436622E46EEA}.AppStore|ARM.Deploy.0 = Release|ARM
		{064B6F11-F3D1-467A-A5E5-436622E46EEA}.AppStore|iPhone.ActiveCfg = Release|x86
		{064B6F11-F3D1-467A-A5E5-436622E46EEA}.AppStore|iPhone.Build.0 = Release|x86
		{064B6F11-F3D1-467A-A5E5-436622E46EEA}.AppStore|iPhone.Deploy.0 = Release|x86
		{064B6F11-F3D1-467A-A5E5-436622E46EEA}.AppStore|iPhoneSimulator.ActiveCfg = Release|x86
		{064B6F11-F3D1-467A-A5E5-436622E46EEA}.AppStore|iPhoneSimulator.Build.0 = Release|x86
		{064B6F11-F3D1-467A-A5E5-436622E46EEA}.AppStore|iPhoneSimulator.Deploy.0 = Release|x86
		{064B6F11-F3D1-467A-A5E5-436622E46EEA}.AppStore|x64.ActiveCfg = Release|x64
		{064B6F11-F3D1-467A-A5E5-436622E46EEA}.AppStore|x64.Build.0 = Release|x64
		{064B6F11-F3D1-467A-A5E5-436622E46EEA}.AppStore|x64.Deploy.0 = Release|x64
		{064B6F11-F3D1-467A-A5E5-436622E46EEA}.AppStore|x86.ActiveCfg = Release|x86
		{064B6F11-F3D1-467A-A5E5-436622E46EEA}.AppStore|x86.Build.0 = Release|x86
		{064B6F11-F3D1-467A-A5E5-436622E46EEA}.AppStore|x86.Deploy.0 = Release|x86
		{064B6F11-F3D1-467A-A5E5-436622E46EEA}.Debug|Any CPU.ActiveCfg = Debug|x86
		{064B6F11-F3D1-467A-A5E5-436622E46EEA}.Debug|ARM.ActiveCfg = Debug|ARM
		{064B6F11-F3D1-467A-A5E5-436622E46EEA}.Debug|ARM.Build.0 = Debug|ARM
		{064B6F11-F3D1-467A-A5E5-436622E46EEA}.Debug|ARM.Deploy.0 = Debug|ARM
		{064B6F11-F3D1-467A-A5E5-436622E46EEA}.Debug|iPhone.ActiveCfg = Debug|x86
		{064B6F11-F3D1-467A-A5E5-436622E46EEA}.Debug|iPhoneSimulator.ActiveCfg = Debug|x86
		{064B6F11-F3D1-467A-A5E5-436622E46EEA}.Debug|x64.ActiveCfg = Debug|x64
		{064B6F11-F3D1-467A-A5E5-436622E46EEA}.Debug|x64.Build.0 = Debug|x64
		{064B6F11-F3D1-467A-A5E5-436622E46EEA}.Debug|x64.Deploy.0 = Debug|x64
		{064B6F11-F3D1-467A-A5E5-436622E46EEA}.Debug|x86.ActiveCfg = Debug|x86
		{064B6F11-F3D1-467A-A5E5-436622E46EEA}.Debug|x86.Build.0 = Debug|x86
		{064B6F11-F3D1-467A-A5E5-436622E46EEA}.Debug|x86.Deploy.0 = Debug|x86
		{064B6F11-F3D1-467A-A5E5-436622E46EEA}.Release|Any CPU.ActiveCfg = Release|x86
		{064B6F11-F3D1-467A-A5E5-436622E46EEA}.Release|ARM.ActiveCfg = Release|ARM
		{064B6F11-F3D1-467A-A5E5-436622E46EEA}.Release|ARM.Build.0 = Release|ARM
		{064B6F11-F3D1-467A-A5E5-436622E46EEA}.Release|ARM.Deploy.0 = Release|ARM
		{064B6F11-F3D1-467A-A5E5-436622E46EEA}.Release|iPhone.ActiveCfg = Release|x86
		{064B6F11-F3D1-467A-A5E5-436622E46EEA}.Release|iPhoneSimulator.ActiveCfg = Release|x86
		{064B6F11-F3D1-467A-A5E5-436622E46EEA}.Release|x64.ActiveCfg = Release|x64
		{064B6F11-F3D1-467A-A5E5-436622E46EEA}.Release|x64.Build.0 = Release|x64
		{064B6F11-F3D1-467A-A5E5-436622E46EEA}.Release|x64.Deploy.0 = Release|x64
		{064B6F11-F3D1-467A-A5E5-436622E46EEA}.Release|x86.ActiveCfg = Release|x86
		{064B6F11-F3D1-467A-A5E5-436622E46EEA}.Release|x86.Build.0 = Release|x86
		{064B6F11-F3D1-467A-A5E5-436622E46EEA}.Release|x86.Deploy.0 = Release|x86
		{46E346A4-588D-42AA-8134-006F8E6B6D86}.Ad-Hoc|Any CPU.ActiveCfg = Release|Any CPU
		{46E346A4-588D-42AA-8134-006F8E6B6D86}.Ad-Hoc|Any CPU.Build.0 = Release|Any CPU
		{46E346A4-588D-42AA-8134-006F8E6B6D86}.Ad-Hoc|Any CPU.Deploy.0 = Release|Any CPU
		{46E346A4-588D-42AA-8134-006F8E6B6D86}.Ad-Hoc|ARM.ActiveCfg = Release|ARM
		{46E346A4-588D-42AA-8134-006F8E6B6D86}.Ad-Hoc|ARM.Build.0 = Release|ARM
		{46E346A4-588D-42AA-8134-006F8E6B6D86}.Ad-Hoc|ARM.Deploy.0 = Release|ARM
		{46E346A4-588D-42AA-8134-006F8E6B6D86}.Ad-Hoc|iPhone.ActiveCfg = Release|Any CPU
		{46E346A4-588D-42AA-8134-006F8E6B6D86}.Ad-Hoc|iPhone.Build.0 = Release|Any CPU
		{46E346A4-588D-42AA-8134-006F8E6B6D86}.Ad-Hoc|iPhone.Deploy.0 = Release|Any CPU
		{46E346A4-588D-42AA-8134-006F8E6B6D86}.Ad-Hoc|iPhoneSimulator.ActiveCfg = Release|Any CPU
		{46E346A4-588D-42AA-8134-006F8E6B6D86}.Ad-Hoc|iPhoneSimulator.Build.0 = Release|Any CPU
		{46E346A4-588D-42AA-8134-006F8E6B6D86}.Ad-Hoc|iPhoneSimulator.Deploy.0 = Release|Any CPU
		{46E346A4-588D-42AA-8134-006F8E6B6D86}.Ad-Hoc|x64.ActiveCfg = Release|x64
		{46E346A4-588D-42AA-8134-006F8E6B6D86}.Ad-Hoc|x64.Build.0 = Release|x64
		{46E346A4-588D-42AA-8134-006F8E6B6D86}.Ad-Hoc|x64.Deploy.0 = Release|x64
		{46E346A4-588D-42AA-8134-006F8E6B6D86}.Ad-Hoc|x86.ActiveCfg = Release|x86
		{46E346A4-588D-42AA-8134-006F8E6B6D86}.Ad-Hoc|x86.Build.0 = Release|x86
		{46E346A4-588D-42AA-8134-006F8E6B6D86}.Ad-Hoc|x86.Deploy.0 = Release|x86
		{46E346A4-588D-42AA-8134-006F8E6B6D86}.AppStore|Any CPU.ActiveCfg = Release|Any CPU
		{46E346A4-588D-42AA-8134-006F8E6B6D86}.AppStore|Any CPU.Build.0 = Release|Any CPU
		{46E346A4-588D-42AA-8134-006F8E6B6D86}.AppStore|Any CPU.Deploy.0 = Release|Any CPU
		{46E346A4-588D-42AA-8134-006F8E6B6D86}.AppStore|ARM.ActiveCfg = Release|ARM
		{46E346A4-588D-42AA-8134-006F8E6B6D86}.AppStore|ARM.Build.0 = Release|ARM
		{46E346A4-588D-42AA-8134-006F8E6B6D86}.AppStore|ARM.Deploy.0 = Release|ARM
		{46E346A4-588D-42AA-8134-006F8E6B6D86}.AppStore|iPhone.ActiveCfg = Release|Any CPU
		{46E346A4-588D-42AA-8134-006F8E6B6D86}.AppStore|iPhone.Build.0 = Release|Any CPU
		{46E346A4-588D-42AA-8134-006F8E6B6D86}.AppStore|iPhone.Deploy.0 = Release|Any CPU
		{46E346A4-588D-42AA-8134-006F8E6B6D86}.AppStore|iPhoneSimulator.ActiveCfg = Release|Any CPU
		{46E346A4-588D-42AA-8134-006F8E6B6D86}.AppStore|iPhoneSimulator.Build.0 = Release|Any CPU
		{46E346A4-588D-42AA-8134-006F8E6B6D86}.AppStore|iPhoneSimulator.Deploy.0 = Release|Any CPU
		{46E346A4-588D-42AA-8134-006F8E6B6D86}.AppStore|x64.ActiveCfg = Release|x64
		{46E346A4-588D-42AA-8134-006F8E6B6D86}.AppStore|x64.Build.0 = Release|x64
		{46E346A4-588D-42AA-8134-006F8E6B6D86}.AppStore|x64.Deploy.0 = Release|x64
		{46E346A4-588D-42AA-8134-006F8E6B6D86}.AppStore|x86.ActiveCfg = Release|x86
		{46E346A4-588D-42AA-8134-006F8E6B6D86}.AppStore|x86.Build.0 = Release|x86
		{46E346A4-588D-42AA-8134-006F8E6B6D86}.AppStore|x86.Deploy.0 = Release|x86
		{46E346A4-588D-42AA-8134-006F8E6B6D86}.Debug|Any CPU.ActiveCfg = Debug|Any CPU
		{46E346A4-588D-42AA-8134-006F8E6B6D86}.Debug|Any CPU.Build.0 = Debug|Any CPU
		{46E346A4-588D-42AA-8134-006F8E6B6D86}.Debug|Any CPU.Deploy.0 = Debug|Any CPU
		{46E346A4-588D-42AA-8134-006F8E6B6D86}.Debug|ARM.ActiveCfg = Debug|ARM
		{46E346A4-588D-42AA-8134-006F8E6B6D86}.Debug|ARM.Build.0 = Debug|ARM
		{46E346A4-588D-42AA-8134-006F8E6B6D86}.Debug|ARM.Deploy.0 = Debug|ARM
		{46E346A4-588D-42AA-8134-006F8E6B6D86}.Debug|iPhone.ActiveCfg = Debug|Any CPU
		{46E346A4-588D-42AA-8134-006F8E6B6D86}.Debug|iPhone.Build.0 = Debug|Any CPU
		{46E346A4-588D-42AA-8134-006F8E6B6D86}.Debug|iPhone.Deploy.0 = Debug|Any CPU
		{46E346A4-588D-42AA-8134-006F8E6B6D86}.Debug|iPhoneSimulator.ActiveCfg = Debug|Any CPU
		{46E346A4-588D-42AA-8134-006F8E6B6D86}.Debug|iPhoneSimulator.Build.0 = Debug|Any CPU
		{46E346A4-588D-42AA-8134-006F8E6B6D86}.Debug|iPhoneSimulator.Deploy.0 = Debug|Any CPU
		{46E346A4-588D-42AA-8134-006F8E6B6D86}.Debug|x64.ActiveCfg = Debug|x64
		{46E346A4-588D-42AA-8134-006F8E6B6D86}.Debug|x64.Build.0 = Debug|x64
		{46E346A4-588D-42AA-8134-006F8E6B6D86}.Debug|x64.Deploy.0 = Debug|x64
		{46E346A4-588D-42AA-8134-006F8E6B6D86}.Debug|x86.ActiveCfg = Debug|x86
		{46E346A4-588D-42AA-8134-006F8E6B6D86}.Debug|x86.Build.0 = Debug|x86
		{46E346A4-588D-42AA-8134-006F8E6B6D86}.Debug|x86.Deploy.0 = Debug|x86
		{46E346A4-588D-42AA-8134-006F8E6B6D86}.Release|Any CPU.ActiveCfg = Release|Any CPU
		{46E346A4-588D-42AA-8134-006F8E6B6D86}.Release|Any CPU.Build.0 = Release|Any CPU
		{46E346A4-588D-42AA-8134-006F8E6B6D86}.Release|Any CPU.Deploy.0 = Release|Any CPU
		{46E346A4-588D-42AA-8134-006F8E6B6D86}.Release|ARM.ActiveCfg = Release|ARM
		{46E346A4-588D-42AA-8134-006F8E6B6D86}.Release|ARM.Build.0 = Release|ARM
		{46E346A4-588D-42AA-8134-006F8E6B6D86}.Release|ARM.Deploy.0 = Release|ARM
		{46E346A4-588D-42AA-8134-006F8E6B6D86}.Release|iPhone.ActiveCfg = Release|Any CPU
		{46E346A4-588D-42AA-8134-006F8E6B6D86}.Release|iPhone.Build.0 = Release|Any CPU
		{46E346A4-588D-42AA-8134-006F8E6B6D86}.Release|iPhone.Deploy.0 = Release|Any CPU
		{46E346A4-588D-42AA-8134-006F8E6B6D86}.Release|iPhoneSimulator.ActiveCfg = Release|Any CPU
		{46E346A4-588D-42AA-8134-006F8E6B6D86}.Release|iPhoneSimulator.Build.0 = Release|Any CPU
		{46E346A4-588D-42AA-8134-006F8E6B6D86}.Release|iPhoneSimulator.Deploy.0 = Release|Any CPU
		{46E346A4-588D-42AA-8134-006F8E6B6D86}.Release|x64.ActiveCfg = Release|x64
		{46E346A4-588D-42AA-8134-006F8E6B6D86}.Release|x64.Build.0 = Release|x64
		{46E346A4-588D-42AA-8134-006F8E6B6D86}.Release|x64.Deploy.0 = Release|x64
		{46E346A4-588D-42AA-8134-006F8E6B6D86}.Release|x86.ActiveCfg = Release|x86
		{46E346A4-588D-42AA-8134-006F8E6B6D86}.Release|x86.Build.0 = Release|x86
		{46E346A4-588D-42AA-8134-006F8E6B6D86}.Release|x86.Deploy.0 = Release|x86
		{B2367D71-58F1-4AFB-8062-98CE5418603B}.Ad-Hoc|Any CPU.ActiveCfg = Release|Any CPU
		{B2367D71-58F1-4AFB-8062-98CE5418603B}.Ad-Hoc|Any CPU.Build.0 = Release|Any CPU
		{B2367D71-58F1-4AFB-8062-98CE5418603B}.Ad-Hoc|ARM.ActiveCfg = Release|Any CPU
		{B2367D71-58F1-4AFB-8062-98CE5418603B}.Ad-Hoc|ARM.Build.0 = Release|Any CPU
		{B2367D71-58F1-4AFB-8062-98CE5418603B}.Ad-Hoc|iPhone.ActiveCfg = Release|Any CPU
		{B2367D71-58F1-4AFB-8062-98CE5418603B}.Ad-Hoc|iPhone.Build.0 = Release|Any CPU
		{B2367D71-58F1-4AFB-8062-98CE5418603B}.Ad-Hoc|iPhoneSimulator.ActiveCfg = Release|Any CPU
		{B2367D71-58F1-4AFB-8062-98CE5418603B}.Ad-Hoc|iPhoneSimulator.Build.0 = Release|Any CPU
		{B2367D71-58F1-4AFB-8062-98CE5418603B}.Ad-Hoc|x64.ActiveCfg = Release|Any CPU
		{B2367D71-58F1-4AFB-8062-98CE5418603B}.Ad-Hoc|x64.Build.0 = Release|Any CPU
		{B2367D71-58F1-4AFB-8062-98CE5418603B}.Ad-Hoc|x86.ActiveCfg = Release|Any CPU
		{B2367D71-58F1-4AFB-8062-98CE5418603B}.Ad-Hoc|x86.Build.0 = Release|Any CPU
		{B2367D71-58F1-4AFB-8062-98CE5418603B}.AppStore|Any CPU.ActiveCfg = Release|Any CPU
		{B2367D71-58F1-4AFB-8062-98CE5418603B}.AppStore|Any CPU.Build.0 = Release|Any CPU
		{B2367D71-58F1-4AFB-8062-98CE5418603B}.AppStore|ARM.ActiveCfg = Release|Any CPU
		{B2367D71-58F1-4AFB-8062-98CE5418603B}.AppStore|ARM.Build.0 = Release|Any CPU
		{B2367D71-58F1-4AFB-8062-98CE5418603B}.AppStore|iPhone.ActiveCfg = Release|Any CPU
		{B2367D71-58F1-4AFB-8062-98CE5418603B}.AppStore|iPhone.Build.0 = Release|Any CPU
		{B2367D71-58F1-4AFB-8062-98CE5418603B}.AppStore|iPhoneSimulator.ActiveCfg = Release|Any CPU
		{B2367D71-58F1-4AFB-8062-98CE5418603B}.AppStore|iPhoneSimulator.Build.0 = Release|Any CPU
		{B2367D71-58F1-4AFB-8062-98CE5418603B}.AppStore|x64.ActiveCfg = Release|Any CPU
		{B2367D71-58F1-4AFB-8062-98CE5418603B}.AppStore|x64.Build.0 = Release|Any CPU
		{B2367D71-58F1-4AFB-8062-98CE5418603B}.AppStore|x86.ActiveCfg = Release|Any CPU
		{B2367D71-58F1-4AFB-8062-98CE5418603B}.AppStore|x86.Build.0 = Release|Any CPU
		{B2367D71-58F1-4AFB-8062-98CE5418603B}.Debug|Any CPU.ActiveCfg = Debug|Any CPU
		{B2367D71-58F1-4AFB-8062-98CE5418603B}.Debug|Any CPU.Build.0 = Debug|Any CPU
		{B2367D71-58F1-4AFB-8062-98CE5418603B}.Debug|ARM.ActiveCfg = Debug|Any CPU
		{B2367D71-58F1-4AFB-8062-98CE5418603B}.Debug|ARM.Build.0 = Debug|Any CPU
		{B2367D71-58F1-4AFB-8062-98CE5418603B}.Debug|iPhone.ActiveCfg = Debug|Any CPU
		{B2367D71-58F1-4AFB-8062-98CE5418603B}.Debug|iPhone.Build.0 = Debug|Any CPU
		{B2367D71-58F1-4AFB-8062-98CE5418603B}.Debug|iPhoneSimulator.ActiveCfg = Debug|Any CPU
		{B2367D71-58F1-4AFB-8062-98CE5418603B}.Debug|iPhoneSimulator.Build.0 = Debug|Any CPU
		{B2367D71-58F1-4AFB-8062-98CE5418603B}.Debug|x64.ActiveCfg = Debug|Any CPU
		{B2367D71-58F1-4AFB-8062-98CE5418603B}.Debug|x64.Build.0 = Debug|Any CPU
		{B2367D71-58F1-4AFB-8062-98CE5418603B}.Debug|x86.ActiveCfg = Debug|Any CPU
		{B2367D71-58F1-4AFB-8062-98CE5418603B}.Debug|x86.Build.0 = Debug|Any CPU
		{B2367D71-58F1-4AFB-8062-98CE5418603B}.Release|Any CPU.ActiveCfg = Release|Any CPU
		{B2367D71-58F1-4AFB-8062-98CE5418603B}.Release|Any CPU.Build.0 = Release|Any CPU
		{B2367D71-58F1-4AFB-8062-98CE5418603B}.Release|ARM.ActiveCfg = Release|Any CPU
		{B2367D71-58F1-4AFB-8062-98CE5418603B}.Release|ARM.Build.0 = Release|Any CPU
		{B2367D71-58F1-4AFB-8062-98CE5418603B}.Release|iPhone.ActiveCfg = Release|Any CPU
		{B2367D71-58F1-4AFB-8062-98CE5418603B}.Release|iPhone.Build.0 = Release|Any CPU
		{B2367D71-58F1-4AFB-8062-98CE5418603B}.Release|iPhoneSimulator.ActiveCfg = Release|Any CPU
		{B2367D71-58F1-4AFB-8062-98CE5418603B}.Release|iPhoneSimulator.Build.0 = Release|Any CPU
		{B2367D71-58F1-4AFB-8062-98CE5418603B}.Release|x64.ActiveCfg = Release|Any CPU
		{B2367D71-58F1-4AFB-8062-98CE5418603B}.Release|x64.Build.0 = Release|Any CPU
		{B2367D71-58F1-4AFB-8062-98CE5418603B}.Release|x86.ActiveCfg = Release|Any CPU
		{B2367D71-58F1-4AFB-8062-98CE5418603B}.Release|x86.Build.0 = Release|Any CPU
	EndGlobalSection
	GlobalSection(SolutionProperties) = preSolution
		HideSolutionNode = FALSE
	EndGlobalSection
EndGlobal
